
Microsoft Visual Studio Solution File, Format Version 12.00
# Visual Studio Version 16
VisualStudioVersion = 25.0.1706.14
MinimumVisualStudioVersion = 10.0.40219.1
Project("{FAE04EC0-301F-11D3-BF4B-00C04F79EFBC}") = "TMS.Presentations", "TMS.Presentations\TMS.Presentations.csproj", "{4F331613-1F33-46FD-8648-BACE11A0B3D0}"
EndProject
Project("{FAE04EC0-301F-11D3-BF4B-00C04F79EFBC}") = "TMS.Infra.Ioc", "TMS.Infra.Ioc\TMS.Infra.Ioc.csproj", "{4D878509-6427-43DC-8CFA-F8054EC714CE}"
EndProject
Project("{FAE04EC0-301F-11D3-BF4B-00C04F79EFBC}") = "TMS.Infra.Data", "TMS.Infra.Data\TMS.Infra.Data.csproj", "{368865E8-EC66-4C6D-9814-6E3C986A6F46}"
EndProject
Project("{FAE04EC0-301F-11D3-BF4B-00C04F79EFBC}") = "TMS.Application", "TMS.Application\TMS.Application.csproj", "{8CA56572-89AB-47B5-999F-F4739BCEF2C1}"
EndProject
Project("{FAE04EC0-301F-11D3-BF4B-00C04F79EFBC}") = "TMS.Domain", "TMS.Domain\TMS.Domain.csproj", "{E146DB49-DB75-4F9B-A7D1-784D8A985D3E}"
EndProject
Global
	GlobalSection(SolutionConfigurationPlatforms) = preSolution
		Debug|Any CPU = Debug|Any CPU
		Release|Any CPU = Release|Any CPU
	EndGlobalSection
	GlobalSection(ProjectConfigurationPlatforms) = postSolution
		{4F331613-1F33-46FD-8648-BACE11A0B3D0}.Debug|Any CPU.ActiveCfg = Debug|Any CPU
		{4F331613-1F33-46FD-8648-BACE11A0B3D0}.Debug|Any CPU.Build.0 = Debug|Any CPU
		{4F331613-1F33-46FD-8648-BACE11A0B3D0}.Release|Any CPU.ActiveCfg = Release|Any CPU
		{4F331613-1F33-46FD-8648-BACE11A0B3D0}.Release|Any CPU.Build.0 = Release|Any CPU
		{4D878509-6427-43DC-8CFA-F8054EC714CE}.Debug|Any CPU.ActiveCfg = Debug|Any CPU
		{4D878509-6427-43DC-8CFA-F8054EC714CE}.Debug|Any CPU.Build.0 = Debug|Any CPU
		{4D878509-6427-43DC-8CFA-F8054EC714CE}.Release|Any CPU.ActiveCfg = Release|Any CPU
		{4D878509-6427-43DC-8CFA-F8054EC714CE}.Release|Any CPU.Build.0 = Release|Any CPU
		{368865E8-EC66-4C6D-9814-6E3C986A6F46}.Debug|Any CPU.ActiveCfg = Debug|Any CPU
		{368865E8-EC66-4C6D-9814-6E3C986A6F46}.Debug|Any CPU.Build.0 = Debug|Any CPU
		{368865E8-EC66-4C6D-9814-6E3C986A6F46}.Release|Any CPU.ActiveCfg = Release|Any CPU
		{368865E8-EC66-4C6D-9814-6E3C986A6F46}.Release|Any CPU.Build.0 = Release|Any CPU
		{8CA56572-89AB-47B5-999F-F4739BCEF2C1}.Debug|Any CPU.ActiveCfg = Debug|Any CPU
		{8CA56572-89AB-47B5-999F-F4739BCEF2C1}.Debug|Any CPU.Build.0 = Debug|Any CPU
		{8CA56572-89AB-47B5-999F-F4739BCEF2C1}.Release|Any CPU.ActiveCfg = Release|Any CPU
		{8CA56572-89AB-47B5-999F-F4739BCEF2C1}.Release|Any CPU.Build.0 = Release|Any CPU
		{E146DB49-DB75-4F9B-A7D1-784D8A985D3E}.Debug|Any CPU.ActiveCfg = Debug|Any CPU
		{E146DB49-DB75-4F9B-A7D1-784D8A985D3E}.Debug|Any CPU.Build.0 = Debug|Any CPU
		{E146DB49-DB75-4F9B-A7D1-784D8A985D3E}.Release|Any CPU.ActiveCfg = Release|Any CPU
		{E146DB49-DB75-4F9B-A7D1-784D8A985D3E}.Release|Any CPU.Build.0 = Release|Any CPU
	EndGlobalSection
	GlobalSection(SolutionProperties) = preSolution
		HideSolutionNode = FALSE
	EndGlobalSection
	GlobalSection(ExtensibilityGlobals) = postSolution
		SolutionGuid = {2785DCEE-04B0-430A-AF8C-F53D7C836B5E}
	EndGlobalSection
EndGlobal
